// !$*UTF8*$!
{
	archiveVersion = 1;
	classes = {
	};
	objectVersion = 46;
	objects = {

/* Begin PBXBuildFile section */
		80150F0E1BCCB1AB001D59D9 /* main.m in Sources */ = {isa = PBXBuildFile; fileRef = 80150F0D1BCCB1AB001D59D9 /* main.m */; };
		80150F111BCCB1AB001D59D9 /* AppDelegate.m in Sources */ = {isa = PBXBuildFile; fileRef = 80150F101BCCB1AB001D59D9 /* AppDelegate.m */; };
		80150F141BCCB1AB001D59D9 /* ViewController.m in Sources */ = {isa = PBXBuildFile; fileRef = 80150F131BCCB1AB001D59D9 /* ViewController.m */; };
		80150F171BCCB1AB001D59D9 /* Main.storyboard in Resources */ = {isa = PBXBuildFile; fileRef = 80150F151BCCB1AB001D59D9 /* Main.storyboard */; };
		80150F191BCCB1AB001D59D9 /* Images.xcassets in Resources */ = {isa = PBXBuildFile; fileRef = 80150F181BCCB1AB001D59D9 /* Images.xcassets */; };
		80150F1C1BCCB1AB001D59D9 /* LaunchScreen.xib in Resources */ = {isa = PBXBuildFile; fileRef = 80150F1A1BCCB1AB001D59D9 /* LaunchScreen.xib */; };
		80150F281BCCB1AB001D59D9 /* CoreAnimationDemoTests.m in Sources */ = {isa = PBXBuildFile; fileRef = 80150F271BCCB1AB001D59D9 /* CoreAnimationDemoTests.m */; };
		80150F381BCCB228001D59D9 /* BasicAnimationVC.m in Sources */ = {isa = PBXBuildFile; fileRef = 80150F331BCCB228001D59D9 /* BasicAnimationVC.m */; };
		80150F391BCCB228001D59D9 /* BasicAnimationVC.xib in Resources */ = {isa = PBXBuildFile; fileRef = 80150F341BCCB228001D59D9 /* BasicAnimationVC.xib */; };
		80150F3A1BCCB228001D59D9 /* KeyframeAnimationVC.m in Sources */ = {isa = PBXBuildFile; fileRef = 80150F361BCCB228001D59D9 /* KeyframeAnimationVC.m */; };
		80150F3B1BCCB228001D59D9 /* KeyframeAnimationVC.xib in Resources */ = {isa = PBXBuildFile; fileRef = 80150F371BCCB228001D59D9 /* KeyframeAnimationVC.xib */; };
		80150F3F1BCCD0B2001D59D9 /* BezierPathAnimationVC.m in Sources */ = {isa = PBXBuildFile; fileRef = 80150F3D1BCCD0B2001D59D9 /* BezierPathAnimationVC.m */; };
		80150F401BCCD0B2001D59D9 /* BezierPathAnimationVC.xib in Resources */ = {isa = PBXBuildFile; fileRef = 80150F3E1BCCD0B2001D59D9 /* BezierPathAnimationVC.xib */; };
		80150F431BCCD174001D59D9 /* sanguosha.png in Resources */ = {isa = PBXBuildFile; fileRef = 80150F421BCCD174001D59D9 /* sanguosha.png */; };
/* End PBXBuildFile section */

/* Begin PBXContainerItemProxy section */
		80150F221BCCB1AB001D59D9 /* PBXContainerItemProxy */ = {
			isa = PBXContainerItemProxy;
			containerPortal = 80150F001BCCB1AB001D59D9 /* Project object */;
			proxyType = 1;
			remoteGlobalIDString = 80150F071BCCB1AB001D59D9;
			remoteInfo = CoreAnimationDemo;
		};
/* End PBXContainerItemProxy section */

/* Begin PBXFileReference section */
		80150F081BCCB1AB001D59D9 /* CoreAnimationDemo.app */ = {isa = PBXFileReference; explicitFileType = wrapper.application; includeInIndex = 0; path = CoreAnimationDemo.app; sourceTree = BUILT_PRODUCTS_DIR; };
		80150F0C1BCCB1AB001D59D9 /* Info.plist */ = {isa = PBXFileReference; lastKnownFileType = text.plist.xml; path = Info.plist; sourceTree = "<group>"; };
		80150F0D1BCCB1AB001D59D9 /* main.m */ = {isa = PBXFileReference; lastKnownFileType = sourcecode.c.objc; path = main.m; sourceTree = "<group>"; };
		80150F0F1BCCB1AB001D59D9 /* AppDelegate.h */ = {isa = PBXFileReference; lastKnownFileType = sourcecode.c.h; path = AppDelegate.h; sourceTree = "<group>"; };
		80150F101BCCB1AB001D59D9 /* AppDelegate.m */ = {isa = PBXFileReference; lastKnownFileType = sourcecode.c.objc; path = AppDelegate.m; sourceTree = "<group>"; };
		80150F121BCCB1AB001D59D9 /* ViewController.h */ = {isa = PBXFileReference; lastKnownFileType = sourcecode.c.h; path = ViewController.h; sourceTree = "<group>"; };
		80150F131BCCB1AB001D59D9 /* ViewController.m */ = {isa = PBXFileReference; lastKnownFileType = sourcecode.c.objc; path = ViewController.m; sourceTree = "<group>"; };
		80150F161BCCB1AB001D59D9 /* Base */ = {isa = PBXFileReference; lastKnownFileType = file.storyboard; name = Base; path = Base.lproj/Main.storyboard; sourceTree = "<group>"; };
		80150F181BCCB1AB001D59D9 /* Images.xcassets */ = {isa = PBXFileReference; lastKnownFileType = folder.assetcatalog; path = Images.xcassets; sourceTree = "<group>"; };
		80150F1B1BCCB1AB001D59D9 /* Base */ = {isa = PBXFileReference; lastKnownFileType = file.xib; name = Base; path = Base.lproj/LaunchScreen.xib; sourceTree = "<group>"; };
		80150F211BCCB1AB001D59D9 /* CoreAnimationDemoTests.xctest */ = {isa = PBXFileReference; explicitFileType = wrapper.cfbundle; includeInIndex = 0; path = CoreAnimationDemoTests.xctest; sourceTree = BUILT_PRODUCTS_DIR; };
		80150F261BCCB1AB001D59D9 /* Info.plist */ = {isa = PBXFileReference; lastKnownFileType = text.plist.xml; path = Info.plist; sourceTree = "<group>"; };
		80150F271BCCB1AB001D59D9 /* CoreAnimationDemoTests.m */ = {isa = PBXFileReference; lastKnownFileType = sourcecode.c.objc; path = CoreAnimationDemoTests.m; sourceTree = "<group>"; };
		80150F321BCCB228001D59D9 /* BasicAnimationVC.h */ = {isa = PBXFileReference; fileEncoding = 4; lastKnownFileType = sourcecode.c.h; path = BasicAnimationVC.h; sourceTree = "<group>"; };
		80150F331BCCB228001D59D9 /* BasicAnimationVC.m */ = {isa = PBXFileReference; fileEncoding = 4; lastKnownFileType = sourcecode.c.objc; path = BasicAnimationVC.m; sourceTree = "<group>"; };
		80150F341BCCB228001D59D9 /* BasicAnimationVC.xib */ = {isa = PBXFileReference; fileEncoding = 4; lastKnownFileType = file.xib; path = BasicAnimationVC.xib; sourceTree = "<group>"; };
		80150F351BCCB228001D59D9 /* KeyframeAnimationVC.h */ = {isa = PBXFileReference; fileEncoding = 4; lastKnownFileType = sourcecode.c.h; path = KeyframeAnimationVC.h; sourceTree = "<group>"; };
		80150F361BCCB228001D59D9 /* KeyframeAnimationVC.m */ = {isa = PBXFileReference; fileEncoding = 4; lastKnownFileType = sourcecode.c.objc; path = KeyframeAnimationVC.m; sourceTree = "<group>"; };
		80150F371BCCB228001D59D9 /* KeyframeAnimationVC.xib */ = {isa = PBXFileReference; fileEncoding = 4; lastKnownFileType = file.xib; path = KeyframeAnimationVC.xib; sourceTree = "<group>"; };
		80150F3C1BCCD0B2001D59D9 /* BezierPathAnimationVC.h */ = {isa = PBXFileReference; fileEncoding = 4; lastKnownFileType = sourcecode.c.h; path = BezierPathAnimationVC.h; sourceTree = "<group>"; };
		80150F3D1BCCD0B2001D59D9 /* BezierPathAnimationVC.m */ = {isa = PBXFileReference; fileEncoding = 4; lastKnownFileType = sourcecode.c.objc; path = BezierPathAnimationVC.m; sourceTree = "<group>"; };
		80150F3E1BCCD0B2001D59D9 /* BezierPathAnimationVC.xib */ = {isa = PBXFileReference; fileEncoding = 4; lastKnownFileType = file.xib; path = BezierPathAnimationVC.xib; sourceTree = "<group>"; };
		80150F421BCCD174001D59D9 /* sanguosha.png */ = {isa = PBXFileReference; lastKnownFileType = image.png; path = sanguosha.png; sourceTree = "<group>"; };
/* End PBXFileReference section */

/* Begin PBXFrameworksBuildPhase section */
		80150F051BCCB1AB001D59D9 /* Frameworks */ = {
			isa = PBXFrameworksBuildPhase;
			buildActionMask = 2147483647;
			files = (
			);
			runOnlyForDeploymentPostprocessing = 0;
		};
		80150F1E1BCCB1AB001D59D9 /* Frameworks */ = {
			isa = PBXFrameworksBuildPhase;
			buildActionMask = 2147483647;
			files = (
			);
			runOnlyForDeploymentPostprocessing = 0;
		};
/* End PBXFrameworksBuildPhase section */

/* Begin PBXGroup section */
		80150EFF1BCCB1AB001D59D9 = {
			isa = PBXGroup;
			children = (
				80150F0A1BCCB1AB001D59D9 /* CoreAnimationDemo */,
				80150F241BCCB1AB001D59D9 /* CoreAnimationDemoTests */,
				80150F091BCCB1AB001D59D9 /* Products */,
			);
			sourceTree = "<group>";
		};
		80150F091BCCB1AB001D59D9 /* Products */ = {
			isa = PBXGroup;
			children = (
				80150F081BCCB1AB001D59D9 /* CoreAnimationDemo.app */,
				80150F211BCCB1AB001D59D9 /* CoreAnimationDemoTests.xctest */,
			);
			name = Products;
			sourceTree = "<group>";
		};
		80150F0A1BCCB1AB001D59D9 /* CoreAnimationDemo */ = {
			isa = PBXGroup;
			children = (
				80150F0F1BCCB1AB001D59D9 /* AppDelegate.h */,
				80150F101BCCB1AB001D59D9 /* AppDelegate.m */,
				80150F121BCCB1AB001D59D9 /* ViewController.h */,
				80150F131BCCB1AB001D59D9 /* ViewController.m */,
				80150F151BCCB1AB001D59D9 /* Main.storyboard */,
				80150F411BCCD174001D59D9 /* res_images */,
				80150F311BCCB228001D59D9 /* Controller */,
				80150F181BCCB1AB001D59D9 /* Images.xcassets */,
				80150F1A1BCCB1AB001D59D9 /* LaunchScreen.xib */,
				80150F0B1BCCB1AB001D59D9 /* Supporting Files */,
			);
			path = CoreAnimationDemo;
			sourceTree = "<group>";
		};
		80150F0B1BCCB1AB001D59D9 /* Supporting Files */ = {
			isa = PBXGroup;
			children = (
				80150F0C1BCCB1AB001D59D9 /* Info.plist */,
				80150F0D1BCCB1AB001D59D9 /* main.m */,
			);
			name = "Supporting Files";
			sourceTree = "<group>";
		};
		80150F241BCCB1AB001D59D9 /* CoreAnimationDemoTests */ = {
			isa = PBXGroup;
			children = (
				80150F271BCCB1AB001D59D9 /* CoreAnimationDemoTests.m */,
				80150F251BCCB1AB001D59D9 /* Supporting Files */,
			);
			path = CoreAnimationDemoTests;
			sourceTree = "<group>";
		};
		80150F251BCCB1AB001D59D9 /* Supporting Files */ = {
			isa = PBXGroup;
			children = (
				80150F261BCCB1AB001D59D9 /* Info.plist */,
			);
			name = "Supporting Files";
			sourceTree = "<group>";
		};
		80150F311BCCB228001D59D9 /* Controller */ = {
			isa = PBXGroup;
			children = (
				80150F321BCCB228001D59D9 /* BasicAnimationVC.h */,
				80150F331BCCB228001D59D9 /* BasicAnimationVC.m */,
				80150F341BCCB228001D59D9 /* BasicAnimationVC.xib */,
				80150F351BCCB228001D59D9 /* KeyframeAnimationVC.h */,
				80150F361BCCB228001D59D9 /* KeyframeAnimationVC.m */,
				80150F371BCCB228001D59D9 /* KeyframeAnimationVC.xib */,
				80150F3C1BCCD0B2001D59D9 /* BezierPathAnimationVC.h */,
				80150F3D1BCCD0B2001D59D9 /* BezierPathAnimationVC.m */,
				80150F3E1BCCD0B2001D59D9 /* BezierPathAnimationVC.xib */,
			);
			path = Controller;
			sourceTree = "<group>";
		};
		80150F411BCCD174001D59D9 /* res_images */ = {
			isa = PBXGroup;
			children = (
				80150F421BCCD174001D59D9 /* sanguosha.png */,
			);
			path = res_images;
			sourceTree = "<group>";
		};
/* End PBXGroup section */

/* Begin PBXNativeTarget section */
		80150F071BCCB1AB001D59D9 /* CoreAnimationDemo */ = {
			isa = PBXNativeTarget;
			buildConfigurationList = 80150F2B1BCCB1AB001D59D9 /* Build configuration list for PBXNativeTarget "CoreAnimationDemo" */;
			buildPhases = (
				80150F041BCCB1AB001D59D9 /* Sources */,
				80150F051BCCB1AB001D59D9 /* Frameworks */,
				80150F061BCCB1AB001D59D9 /* Resources */,
			);
			buildRules = (
			);
			dependencies = (
			);
			name = CoreAnimationDemo;
			productName = CoreAnimationDemo;
			productReference = 80150F081BCCB1AB001D59D9 /* CoreAnimationDemo.app */;
			productType = "com.apple.product-type.application";
		};
		80150F201BCCB1AB001D59D9 /* CoreAnimationDemoTests */ = {
			isa = PBXNativeTarget;
			buildConfigurationList = 80150F2E1BCCB1AB001D59D9 /* Build configuration list for PBXNativeTarget "CoreAnimationDemoTests" */;
			buildPhases = (
				80150F1D1BCCB1AB001D59D9 /* Sources */,
				80150F1E1BCCB1AB001D59D9 /* Frameworks */,
				80150F1F1BCCB1AB001D59D9 /* Resources */,
			);
			buildRules = (
			);
			dependencies = (
				80150F231BCCB1AB001D59D9 /* PBXTargetDependency */,
			);
			name = CoreAnimationDemoTests;
			productName = CoreAnimationDemoTests;
			productReference = 80150F211BCCB1AB001D59D9 /* CoreAnimationDemoTests.xctest */;
			productType = "com.apple.product-type.bundle.unit-test";
		};
/* End PBXNativeTarget section */

/* Begin PBXProject section */
		80150F001BCCB1AB001D59D9 /* Project object */ = {
			isa = PBXProject;
			attributes = {
				LastUpgradeCheck = 0640;
				ORGANIZATIONNAME = "李超前";
				TargetAttributes = {
					80150F071BCCB1AB001D59D9 = {
						CreatedOnToolsVersion = 6.4;
					};
					80150F201BCCB1AB001D59D9 = {
						CreatedOnToolsVersion = 6.4;
						TestTargetID = 80150F071BCCB1AB001D59D9;
					};
				};
			};
			buildConfigurationList = 80150F031BCCB1AB001D59D9 /* Build configuration list for PBXProject "CoreAnimationDemo" */;
			compatibilityVersion = "Xcode 3.2";
			developmentRegion = English;
			hasScannedForEncodings = 0;
			knownRegions = (
				en,
				Base,
			);
			mainGroup = 80150EFF1BCCB1AB001D59D9;
			productRefGroup = 80150F091BCCB1AB001D59D9 /* Products */;
			projectDirPath = "";
			projectRoot = "";
			targets = (
				80150F071BCCB1AB001D59D9 /* CoreAnimationDemo */,
				80150F201BCCB1AB001D59D9 /* CoreAnimationDemoTests */,
			);
		};
/* End PBXProject section */

/* Begin PBXResourcesBuildPhase section */
		80150F061BCCB1AB001D59D9 /* Resources */ = {
			isa = PBXResourcesBuildPhase;
			buildActionMask = 2147483647;
			files = (
				80150F3B1BCCB228001D59D9 /* KeyframeAnimationVC.xib in Resources */,
				80150F391BCCB228001D59D9 /* BasicAnimationVC.xib in Resources */,
				80150F171BCCB1AB001D59D9 /* Main.storyboard in Resources */,
				80150F401BCCD0B2001D59D9 /* BezierPathAnimationVC.xib in Resources */,
				80150F1C1BCCB1AB001D59D9 /* LaunchScreen.xib in Resources */,
				80150F431BCCD174001D59D9 /* sanguosha.png in Resources */,
				80150F191BCCB1AB001D59D9 /* Images.xcassets in Resources */,
			);
			runOnlyForDeploymentPostprocessing = 0;
		};
		80150F1F1BCCB1AB001D59D9 /* Resources */ = {
			isa = PBXResourcesBuildPhase;
			buildActionMask = 2147483647;
			files = (
			);
			runOnlyForDeploymentPostprocessing = 0;
		};
/* End PBXResourcesBuildPhase section */

/* Begin PBXSourcesBuildPhase section */
		80150F041BCCB1AB001D59D9 /* Sources */ = {
			isa = PBXSourcesBuildPhase;
			buildActionMask = 2147483647;
			files = (
				80150F381BCCB228001D59D9 /* BasicAnimationVC.m in Sources */,
				80150F3F1BCCD0B2001D59D9 /* BezierPathAnimationVC.m in Sources */,
				80150F141BCCB1AB001D59D9 /* ViewController.m in Sources */,
				80150F3A1BCCB228001D59D9 /* KeyframeAnimationVC.m in Sources */,
				80150F111BCCB1AB001D59D9 /* AppDelegate.m in Sources */,
				80150F0E1BCCB1AB001D59D9 /* main.m in Sources */,
			);
			runOnlyForDeploymentPostprocessing = 0;
		};
		80150F1D1BCCB1AB001D59D9 /* Sources */ = {
			isa = PBXSourcesBuildPhase;
			buildActionMask = 2147483647;
			files = (
				80150F281BCCB1AB001D59D9 /* CoreAnimationDemoTests.m in Sources */,
			);
			runOnlyForDeploymentPostprocessing = 0;
		};
/* End PBXSourcesBuildPhase section */

/* Begin PBXTargetDependency section */
		80150F231BCCB1AB001D59D9 /* PBXTargetDependency */ = {
			isa = PBXTargetDependency;
			target = 80150F071BCCB1AB001D59D9 /* CoreAnimationDemo */;
			targetProxy = 80150F221BCCB1AB001D59D9 /* PBXContainerItemProxy */;
		};
/* End PBXTargetDependency section */

/* Begin PBXVariantGroup section */
		80150F151BCCB1AB001D59D9 /* Main.storyboard */ = {
			isa = PBXVariantGroup;
			children = (
				80150F161BCCB1AB001D59D9 /* Base */,
			);
			name = Main.storyboard;
			sourceTree = "<group>";
		};
		80150F1A1BCCB1AB001D59D9 /* LaunchScreen.xib */ = {
			isa = PBXVariantGroup;
			children = (
				80150F1B1BCCB1AB001D59D9 /* Base */,
			);
			name = LaunchScreen.xib;
			sourceTree = "<group>";
		};
/* End PBXVariantGroup section */

/* Begin XCBuildConfiguration section */
		80150F291BCCB1AB001D59D9 /* Debug */ = {
			isa = XCBuildConfiguration;
			buildSettings = {
				ALWAYS_SEARCH_USER_PATHS = NO;
				CLANG_CXX_LANGUAGE_STANDARD = "gnu++0x";
				CLANG_CXX_LIBRARY = "libc++";
				CLANG_ENABLE_MODULES = YES;
				CLANG_ENABLE_OBJC_ARC = YES;
				CLANG_WARN_BOOL_CONVERSION = YES;
				CLANG_WARN_CONSTANT_CONVERSION = YES;
				CLANG_WARN_DIRECT_OBJC_ISA_USAGE = YES_ERROR;
				CLANG_WARN_EMPTY_BODY = YES;
				CLANG_WARN_ENUM_CONVERSION = YES;
				CLANG_WARN_INT_CONVERSION = YES;
				CLANG_WARN_OBJC_ROOT_CLASS = YES_ERROR;
				CLANG_WARN_UNREACHABLE_CODE = YES;
				CLANG_WARN__DUPLICATE_METHOD_MATCH = YES;
				"CODE_SIGN_IDENTITY[sdk=iphoneos*]" = "iPhone Developer";
				COPY_PHASE_STRIP = NO;
				DEBUG_INFORMATION_FORMAT = "dwarf-with-dsym";
				ENABLE_STRICT_OBJC_MSGSEND = YES;
				GCC_C_LANGUAGE_STANDARD = gnu99;
				GCC_DYNAMIC_NO_PIC = NO;
				GCC_NO_COMMON_BLOCKS = YES;
				GCC_OPTIMIZATION_LEVEL = 0;
				GCC_PREPROCESSOR_DEFINITIONS = (
					"DEBUG=1",
					"$(inherited)",
				);
				GCC_SYMBOLS_PRIVATE_EXTERN = NO;
				GCC_WARN_64_TO_32_BIT_CONVERSION = YES;
				GCC_WARN_ABOUT_RETURN_TYPE = YES_ERROR;
				GCC_WARN_UNDECLARED_SELECTOR = YES;
				GCC_WARN_UNINITIALIZED_AUTOS = YES_AGGRESSIVE;
				GCC_WARN_UNUSED_FUNCTION = YES;
				GCC_WARN_UNUSED_VARIABLE = YES;
				IPHONEOS_DEPLOYMENT_TARGET = 8.4;
				MTL_ENABLE_DEBUG_INFO = YES;
				ONLY_ACTIVE_ARCH = YES;
				SDKROOT = iphoneos;
			};
			name = Debug;
		};
		80150F2A1BCCB1AB001D59D9 /* Release */ = {
			isa = XCBuildConfiguration;
			buildSettings = {
				ALWAYS_SEARCH_USER_PATHS = NO;
				CLANG_CXX_LANGUAGE_STANDARD = "gnu++0x";
				CLANG_CXX_LIBRARY = "libc++";
				CLANG_ENABLE_MODULES = YES;
				CLANG_ENABLE_OBJC_ARC = YES;
				CLANG_WARN_BOOL_CONVERSION = YES;
				CLANG_WARN_CONSTANT_CONVERSION = YES;
				CLANG_WARN_DIRECT_OBJC_ISA_USAGE = YES_ERROR;
				CLANG_WARN_EMPTY_BODY = YES;
				CLANG_WARN_ENUM_CONVERSION = YES;
				CLANG_WARN_INT_CONVERSION = YES;
				CLANG_WARN_OBJC_ROOT_CLASS = YES_ERROR;
				CLANG_WARN_UNREACHABLE_CODE = YES;
				CLANG_WARN__DUPLICATE_METHOD_MATCH = YES;
				"CODE_SIGN_IDENTITY[sdk=iphoneos*]" = "iPhone Developer";
				COPY_PHASE_STRIP = NO;
				DEBUG_INFORMATION_FORMAT = "dwarf-with-dsym";
				ENABLE_NS_ASSERTIONS = NO;
				ENABLE_STRICT_OBJC_MSGSEND = YES;
				GCC_C_LANGUAGE_STANDARD = gnu99;
				GCC_NO_COMMON_BLOCKS = YES;
				GCC_WARN_64_TO_32_BIT_CONVERSION = YES;
				GCC_WARN_ABOUT_RETURN_TYPE = YES_ERROR;
				GCC_WARN_UNDECLARED_SELECTOR = YES;
				GCC_WARN_UNINITIALIZED_AUTOS = YES_AGGRESSIVE;
				GCC_WARN_UNUSED_FUNCTION = YES;
				GCC_WARN_UNUSED_VARIABLE = YES;
				IPHONEOS_DEPLOYMENT_TARGET = 8.4;
				MTL_ENABLE_DEBUG_INFO = NO;
				SDKROOT = iphoneos;
				VALIDATE_PRODUCT = YES;
			};
			name = Release;
		};
		80150F2C1BCCB1AB001D59D9 /* Debug */ = {
			isa = XCBuildConfiguration;
			buildSettings = {
				ASSETCATALOG_COMPILER_APPICON_NAME = AppIcon;
				INFOPLIST_FILE = CoreAnimationDemo/Info.plist;
				LD_RUNPATH_SEARCH_PATHS = "$(inherited) @executable_path/Frameworks";
				PRODUCT_NAME = "$(TARGET_NAME)";
			};
			name = Debug;
		};
		80150F2D1BCCB1AB001D59D9 /* Release */ = {
			isa = XCBuildConfiguration;
			buildSettings = {
				ASSETCATALOG_COMPILER_APPICON_NAME = AppIcon;
				INFOPLIST_FILE = CoreAnimationDemo/Info.plist;
				LD_RUNPATH_SEARCH_PATHS = "$(inherited) @executable_path/Frameworks";
				PRODUCT_NAME = "$(TARGET_NAME)";
			};
			name = Release;
		};
		80150F2F1BCCB1AB001D59D9 /* Debug */ = {
			isa = XCBuildConfiguration;
			buildSettings = {
				BUNDLE_LOADER = "$(TEST_HOST)";
				FRAMEWORK_SEARCH_PATHS = (
					"$(SDKROOT)/Developer/Library/Frameworks",
					"$(inherited)",
				);
				GCC_PREPROCESSOR_DEFINITIONS = (
					"DEBUG=1",
					"$(inherited)",
				);
				INFOPLIST_FILE = CoreAnimationDemoTests/Info.plist;
				LD_RUNPATH_SEARCH_PATHS = "$(inherited) @executable_path/Frameworks @loader_path/Frameworks";
				PRODUCT_NAME = "$(TARGET_NAME)";
				TEST_HOST = "$(BUILT_PRODUCTS_DIR)/CoreAnimationDemo.app/CoreAnimationDemo";
			};
			name = Debug;
		};
		80150F301BCCB1AB001D59D9 /* Release */ = {
			isa = XCBuildConfiguration;
			buildSettings = {
				BUNDLE_LOADER = "$(TEST_HOST)";
				FRAMEWORK_SEARCH_PATHS = (
					"$(SDKROOT)/Developer/Library/Frameworks",
					"$(inherited)",
				);
				INFOPLIST_FILE = CoreAnimationDemoTests/Info.plist;
				LD_RUNPATH_SEARCH_PATHS = "$(inherited) @executable_path/Frameworks @loader_path/Frameworks";
				PRODUCT_NAME = "$(TARGET_NAME)";
				TEST_HOST = "$(BUILT_PRODUCTS_DIR)/CoreAnimationDemo.app/CoreAnimationDemo";
			};
			name = Release;
		};
/* End XCBuildConfiguration section */

/* Begin XCConfigurationList section */
		80150F031BCCB1AB001D59D9 /* Build configuration list for PBXProject "CoreAnimationDemo" */ = {
			isa = XCConfigurationList;
			buildConfigurations = (
				80150F291BCCB1AB001D59D9 /* Debug */,
				80150F2A1BCCB1AB001D59D9 /* Release */,
			);
			defaultConfigurationIsVisible = 0;
			defaultConfigurationName = Release;
		};
		80150F2B1BCCB1AB001D59D9 /* Build configuration list for PBXNativeTarget "CoreAnimationDemo" */ = {
			isa = XCConfigurationList;
			buildConfigurations = (
				80150F2C1BCCB1AB001D59D9 /* Debug */,
				80150F2D1BCCB1AB001D59D9 /* Release */,
			);
			defaultConfigurationIsVisible = 0;
		};
		80150F2E1BCCB1AB001D59D9 /* Build configuration list for PBXNativeTarget "CoreAnimationDemoTests" */ = {
			isa = XCConfigurationList;
			buildConfigurations = (
				80150F2F1BCCB1AB001D59D9 /* Debug */,
				80150F301BCCB1AB001D59D9 /* Release */,
			);
			defaultConfigurationIsVisible = 0;
		};
/* End XCConfigurationList section */
	};
	rootObject = 80150F001BCCB1AB001D59D9 /* Project object */;
}
