// !$*UTF8*$!
{
	archiveVersion = 1;
	classes = {
	};
	objectVersion = 46;
	objects = {

/* Begin PBXBuildFile section */
		0FBC5898EB7F35E1E81F3D36 /* libPods-CoreAnimationDemoTests.a in Frameworks */ = {isa = PBXBuildFile; fileRef = 4AC1D3DEB7E93BC67998E408 /* libPods-CoreAnimationDemoTests.a */; };
		783288021ED2236B00A01A8A /* av_call.png in Resources */ = {isa = PBXBuildFile; fileRef = 783288001ED2236B00A01A8A /* av_call.png */; };
		783288031ED2236B00A01A8A /* av_call@3x.png in Resources */ = {isa = PBXBuildFile; fileRef = 783288011ED2236B00A01A8A /* av_call@3x.png */; };
		783288061ED2DDCB00A01A8A /* UIView+CJZoomFrame.m in Sources */ = {isa = PBXBuildFile; fileRef = 783288051ED2DDCB00A01A8A /* UIView+CJZoomFrame.m */; };
		783658B11ECEDD4700AF7591 /* BasicAnimationVC.m in Sources */ = {isa = PBXBuildFile; fileRef = 783658911ECEDD4700AF7591 /* BasicAnimationVC.m */; };
		783658B21ECEDD4700AF7591 /* BasicAnimationVC.xib in Resources */ = {isa = PBXBuildFile; fileRef = 783658921ECEDD4700AF7591 /* BasicAnimationVC.xib */; };
		783658B31ECEDD4700AF7591 /* BezierPathAnimationVC.m in Sources */ = {isa = PBXBuildFile; fileRef = 783658951ECEDD4700AF7591 /* BezierPathAnimationVC.m */; };
		783658B41ECEDD4700AF7591 /* BezierPathAnimationVC.xib in Resources */ = {isa = PBXBuildFile; fileRef = 783658961ECEDD4700AF7591 /* BezierPathAnimationVC.xib */; };
		783658B51ECEDD4700AF7591 /* HomeViewController.m in Sources */ = {isa = PBXBuildFile; fileRef = 783658981ECEDD4700AF7591 /* HomeViewController.m */; };
		783658B61ECEDD4700AF7591 /* KeyframeAnimationVC.m in Sources */ = {isa = PBXBuildFile; fileRef = 7836589B1ECEDD4700AF7591 /* KeyframeAnimationVC.m */; };
		783658B71ECEDD4700AF7591 /* KeyframeAnimationVC.xib in Resources */ = {isa = PBXBuildFile; fileRef = 7836589C1ECEDD4700AF7591 /* KeyframeAnimationVC.xib */; };
		783658B81ECEDD4700AF7591 /* UIViewDemo.m in Sources */ = {isa = PBXBuildFile; fileRef = 7836589F1ECEDD4700AF7591 /* UIViewDemo.m */; };
		783658B91ECEDD4700AF7591 /* UIViewDemo.xib in Resources */ = {isa = PBXBuildFile; fileRef = 783658A01ECEDD4700AF7591 /* UIViewDemo.xib */; };
		783658BA1ECEDD4700AF7591 /* ModuleModel.m in Sources */ = {isa = PBXBuildFile; fileRef = 783658A31ECEDD4700AF7591 /* ModuleModel.m */; };
		783658BB1ECEDD4700AF7591 /* bg@2x.jpg in Resources */ = {isa = PBXBuildFile; fileRef = 783658A51ECEDD4700AF7591 /* bg@2x.jpg */; };
		783658BC1ECEDD4700AF7591 /* bgCar@2x.jpg in Resources */ = {isa = PBXBuildFile; fileRef = 783658A61ECEDD4700AF7591 /* bgCar@2x.jpg */; };
		783658BD1ECEDD4700AF7591 /* bgSky@2x.jpg in Resources */ = {isa = PBXBuildFile; fileRef = 783658A71ECEDD4700AF7591 /* bgSky@2x.jpg */; };
		783658BE1ECEDD4700AF7591 /* header@2x.jpg in Resources */ = {isa = PBXBuildFile; fileRef = 783658A81ECEDD4700AF7591 /* header@2x.jpg */; };
		783658BF1ECEDD4700AF7591 /* sanguosha.png in Resources */ = {isa = PBXBuildFile; fileRef = 783658A91ECEDD4700AF7591 /* sanguosha.png */; };
		783658C01ECEDD4700AF7591 /* WelcomeVCToPopup.m in Sources */ = {isa = PBXBuildFile; fileRef = 783658AC1ECEDD4700AF7591 /* WelcomeVCToPopup.m */; };
		783658C11ECEDD4700AF7591 /* WelcomeVCToPopup.xib in Resources */ = {isa = PBXBuildFile; fileRef = 783658AD1ECEDD4700AF7591 /* WelcomeVCToPopup.xib */; };
		783658C21ECEDD4700AF7591 /* WelcomeViewToPopup.m in Sources */ = {isa = PBXBuildFile; fileRef = 783658AF1ECEDD4700AF7591 /* WelcomeViewToPopup.m */; };
		783658C31ECEDD4700AF7591 /* WelcomeViewToPopup.xib in Resources */ = {isa = PBXBuildFile; fileRef = 783658B01ECEDD4700AF7591 /* WelcomeViewToPopup.xib */; };
		783658C71ECEDDBE00AF7591 /* BaseAnimationViewController.m in Sources */ = {isa = PBXBuildFile; fileRef = 783658C51ECEDDBE00AF7591 /* BaseAnimationViewController.m */; };
		783658C81ECEDDBE00AF7591 /* BaseAnimationViewController.xib in Resources */ = {isa = PBXBuildFile; fileRef = 783658C61ECEDDBE00AF7591 /* BaseAnimationViewController.xib */; };
		783658CD1ECEE24A00AF7591 /* CJAnimationFactory.m in Sources */ = {isa = PBXBuildFile; fileRef = 783658CC1ECEE24A00AF7591 /* CJAnimationFactory.m */; };
		783658D21ECEE3A400AF7591 /* RadarAnimationViewController.m in Sources */ = {isa = PBXBuildFile; fileRef = 783658D01ECEE3A400AF7591 /* RadarAnimationViewController.m */; };
		783658D31ECEE3A400AF7591 /* RadarAnimationViewController.xib in Resources */ = {isa = PBXBuildFile; fileRef = 783658D11ECEE3A400AF7591 /* RadarAnimationViewController.xib */; };
		783658D61ECEE8A900AF7591 /* CAShapeLayerFactory.m in Sources */ = {isa = PBXBuildFile; fileRef = 783658D51ECEE8A900AF7591 /* CAShapeLayerFactory.m */; };
		783658FF1ECFCDB100AF7591 /* PeiwoAnimationViewController.m in Sources */ = {isa = PBXBuildFile; fileRef = 783658FD1ECFCDB100AF7591 /* PeiwoAnimationViewController.m */; };
		783659001ECFCDB100AF7591 /* PeiwoAnimationViewController.xib in Resources */ = {isa = PBXBuildFile; fileRef = 783658FE1ECFCDB100AF7591 /* PeiwoAnimationViewController.xib */; };
		783659031ED044F900AF7591 /* UIControl+CJRadarAnimation.m in Sources */ = {isa = PBXBuildFile; fileRef = 783659021ED044F900AF7591 /* UIControl+CJRadarAnimation.m */; };
		7840311B1ED1FF7E00469988 /* CJRepeatKeyWindow.m in Sources */ = {isa = PBXBuildFile; fileRef = 7840311A1ED1FF7E00469988 /* CJRepeatKeyWindow.m */; };
		80150F0E1BCCB1AB001D59D9 /* main.m in Sources */ = {isa = PBXBuildFile; fileRef = 80150F0D1BCCB1AB001D59D9 /* main.m */; };
		80150F111BCCB1AB001D59D9 /* AppDelegate.m in Sources */ = {isa = PBXBuildFile; fileRef = 80150F101BCCB1AB001D59D9 /* AppDelegate.m */; };
		80150F141BCCB1AB001D59D9 /* ViewController.m in Sources */ = {isa = PBXBuildFile; fileRef = 80150F131BCCB1AB001D59D9 /* ViewController.m */; };
		80150F171BCCB1AB001D59D9 /* Main.storyboard in Resources */ = {isa = PBXBuildFile; fileRef = 80150F151BCCB1AB001D59D9 /* Main.storyboard */; };
		80150F191BCCB1AB001D59D9 /* Images.xcassets in Resources */ = {isa = PBXBuildFile; fileRef = 80150F181BCCB1AB001D59D9 /* Images.xcassets */; };
		80150F1C1BCCB1AB001D59D9 /* LaunchScreen.xib in Resources */ = {isa = PBXBuildFile; fileRef = 80150F1A1BCCB1AB001D59D9 /* LaunchScreen.xib */; };
		80150F281BCCB1AB001D59D9 /* CoreAnimationDemoTests.m in Sources */ = {isa = PBXBuildFile; fileRef = 80150F271BCCB1AB001D59D9 /* CoreAnimationDemoTests.m */; };
		8384466F6D70826E5273952C /* libPods-CoreAnimationDemo.a in Frameworks */ = {isa = PBXBuildFile; fileRef = 77F1D8839AA4E6B51461D270 /* libPods-CoreAnimationDemo.a */; };
/* End PBXBuildFile section */

/* Begin PBXContainerItemProxy section */
		80150F221BCCB1AB001D59D9 /* PBXContainerItemProxy */ = {
			isa = PBXContainerItemProxy;
			containerPortal = 80150F001BCCB1AB001D59D9 /* Project object */;
			proxyType = 1;
			remoteGlobalIDString = 80150F071BCCB1AB001D59D9;
			remoteInfo = CoreAnimationDemo;
		};
/* End PBXContainerItemProxy section */

/* Begin PBXFileReference section */
		2EAE353F1593EF11310330DD /* Pods-CoreAnimationDemoTests.debug.xcconfig */ = {isa = PBXFileReference; includeInIndex = 1; lastKnownFileType = text.xcconfig; name = "Pods-CoreAnimationDemoTests.debug.xcconfig"; path = "Pods/Target Support Files/Pods-CoreAnimationDemoTests/Pods-CoreAnimationDemoTests.debug.xcconfig"; sourceTree = "<group>"; };
		39C1C815EA634157408DAAFB /* Pods-CoreAnimationDemo.release.xcconfig */ = {isa = PBXFileReference; includeInIndex = 1; lastKnownFileType = text.xcconfig; name = "Pods-CoreAnimationDemo.release.xcconfig"; path = "Pods/Target Support Files/Pods-CoreAnimationDemo/Pods-CoreAnimationDemo.release.xcconfig"; sourceTree = "<group>"; };
		406943A1047EE2340C5075D9 /* Pods-CoreAnimationDemoTests.release.xcconfig */ = {isa = PBXFileReference; includeInIndex = 1; lastKnownFileType = text.xcconfig; name = "Pods-CoreAnimationDemoTests.release.xcconfig"; path = "Pods/Target Support Files/Pods-CoreAnimationDemoTests/Pods-CoreAnimationDemoTests.release.xcconfig"; sourceTree = "<group>"; };
		4AC1D3DEB7E93BC67998E408 /* libPods-CoreAnimationDemoTests.a */ = {isa = PBXFileReference; explicitFileType = archive.ar; includeInIndex = 0; path = "libPods-CoreAnimationDemoTests.a"; sourceTree = BUILT_PRODUCTS_DIR; };
		77F1D8839AA4E6B51461D270 /* libPods-CoreAnimationDemo.a */ = {isa = PBXFileReference; explicitFileType = archive.ar; includeInIndex = 0; path = "libPods-CoreAnimationDemo.a"; sourceTree = BUILT_PRODUCTS_DIR; };
		783288001ED2236B00A01A8A /* av_call.png */ = {isa = PBXFileReference; lastKnownFileType = image.png; path = av_call.png; sourceTree = "<group>"; };
		783288011ED2236B00A01A8A /* av_call@3x.png */ = {isa = PBXFileReference; lastKnownFileType = image.png; path = "av_call@3x.png"; sourceTree = "<group>"; };
		783288041ED2DDCB00A01A8A /* UIView+CJZoomFrame.h */ = {isa = PBXFileReference; fileEncoding = 4; lastKnownFileType = sourcecode.c.h; path = "UIView+CJZoomFrame.h"; sourceTree = "<group>"; };
		783288051ED2DDCB00A01A8A /* UIView+CJZoomFrame.m */ = {isa = PBXFileReference; fileEncoding = 4; lastKnownFileType = sourcecode.c.objc; path = "UIView+CJZoomFrame.m"; sourceTree = "<group>"; };
		783658901ECEDD4700AF7591 /* BasicAnimationVC.h */ = {isa = PBXFileReference; fileEncoding = 4; lastKnownFileType = sourcecode.c.h; path = BasicAnimationVC.h; sourceTree = "<group>"; };
		783658911ECEDD4700AF7591 /* BasicAnimationVC.m */ = {isa = PBXFileReference; fileEncoding = 4; lastKnownFileType = sourcecode.c.objc; path = BasicAnimationVC.m; sourceTree = "<group>"; };
		783658921ECEDD4700AF7591 /* BasicAnimationVC.xib */ = {isa = PBXFileReference; fileEncoding = 4; lastKnownFileType = file.xib; path = BasicAnimationVC.xib; sourceTree = "<group>"; };
		783658941ECEDD4700AF7591 /* BezierPathAnimationVC.h */ = {isa = PBXFileReference; fileEncoding = 4; lastKnownFileType = sourcecode.c.h; path = BezierPathAnimationVC.h; sourceTree = "<group>"; };
		783658951ECEDD4700AF7591 /* BezierPathAnimationVC.m */ = {isa = PBXFileReference; fileEncoding = 4; lastKnownFileType = sourcecode.c.objc; path = BezierPathAnimationVC.m; sourceTree = "<group>"; };
		783658961ECEDD4700AF7591 /* BezierPathAnimationVC.xib */ = {isa = PBXFileReference; fileEncoding = 4; lastKnownFileType = file.xib; path = BezierPathAnimationVC.xib; sourceTree = "<group>"; };
		783658971ECEDD4700AF7591 /* HomeViewController.h */ = {isa = PBXFileReference; fileEncoding = 4; lastKnownFileType = sourcecode.c.h; path = HomeViewController.h; sourceTree = "<group>"; };
		783658981ECEDD4700AF7591 /* HomeViewController.m */ = {isa = PBXFileReference; fileEncoding = 4; lastKnownFileType = sourcecode.c.objc; path = HomeViewController.m; sourceTree = "<group>"; };
		7836589A1ECEDD4700AF7591 /* KeyframeAnimationVC.h */ = {isa = PBXFileReference; fileEncoding = 4; lastKnownFileType = sourcecode.c.h; path = KeyframeAnimationVC.h; sourceTree = "<group>"; };
		7836589B1ECEDD4700AF7591 /* KeyframeAnimationVC.m */ = {isa = PBXFileReference; fileEncoding = 4; lastKnownFileType = sourcecode.c.objc; path = KeyframeAnimationVC.m; sourceTree = "<group>"; };
		7836589C1ECEDD4700AF7591 /* KeyframeAnimationVC.xib */ = {isa = PBXFileReference; fileEncoding = 4; lastKnownFileType = file.xib; path = KeyframeAnimationVC.xib; sourceTree = "<group>"; };
		7836589E1ECEDD4700AF7591 /* UIViewDemo.h */ = {isa = PBXFileReference; fileEncoding = 4; lastKnownFileType = sourcecode.c.h; path = UIViewDemo.h; sourceTree = "<group>"; };
		7836589F1ECEDD4700AF7591 /* UIViewDemo.m */ = {isa = PBXFileReference; fileEncoding = 4; lastKnownFileType = sourcecode.c.objc; path = UIViewDemo.m; sourceTree = "<group>"; };
		783658A01ECEDD4700AF7591 /* UIViewDemo.xib */ = {isa = PBXFileReference; fileEncoding = 4; lastKnownFileType = file.xib; path = UIViewDemo.xib; sourceTree = "<group>"; };
		783658A21ECEDD4700AF7591 /* ModuleModel.h */ = {isa = PBXFileReference; fileEncoding = 4; lastKnownFileType = sourcecode.c.h; path = ModuleModel.h; sourceTree = "<group>"; };
		783658A31ECEDD4700AF7591 /* ModuleModel.m */ = {isa = PBXFileReference; fileEncoding = 4; lastKnownFileType = sourcecode.c.objc; path = ModuleModel.m; sourceTree = "<group>"; };
		783658A51ECEDD4700AF7591 /* bg@2x.jpg */ = {isa = PBXFileReference; lastKnownFileType = image.jpeg; path = "bg@2x.jpg"; sourceTree = "<group>"; };
		783658A61ECEDD4700AF7591 /* bgCar@2x.jpg */ = {isa = PBXFileReference; lastKnownFileType = image.jpeg; path = "bgCar@2x.jpg"; sourceTree = "<group>"; };
		783658A71ECEDD4700AF7591 /* bgSky@2x.jpg */ = {isa = PBXFileReference; lastKnownFileType = image.jpeg; path = "bgSky@2x.jpg"; sourceTree = "<group>"; };
		783658A81ECEDD4700AF7591 /* header@2x.jpg */ = {isa = PBXFileReference; lastKnownFileType = image.jpeg; path = "header@2x.jpg"; sourceTree = "<group>"; };
		783658A91ECEDD4700AF7591 /* sanguosha.png */ = {isa = PBXFileReference; lastKnownFileType = image.png; path = sanguosha.png; sourceTree = "<group>"; };
		783658AB1ECEDD4700AF7591 /* WelcomeVCToPopup.h */ = {isa = PBXFileReference; fileEncoding = 4; lastKnownFileType = sourcecode.c.h; path = WelcomeVCToPopup.h; sourceTree = "<group>"; };
		783658AC1ECEDD4700AF7591 /* WelcomeVCToPopup.m */ = {isa = PBXFileReference; fileEncoding = 4; lastKnownFileType = sourcecode.c.objc; path = WelcomeVCToPopup.m; sourceTree = "<group>"; };
		783658AD1ECEDD4700AF7591 /* WelcomeVCToPopup.xib */ = {isa = PBXFileReference; fileEncoding = 4; lastKnownFileType = file.xib; path = WelcomeVCToPopup.xib; sourceTree = "<group>"; };
		783658AE1ECEDD4700AF7591 /* WelcomeViewToPopup.h */ = {isa = PBXFileReference; fileEncoding = 4; lastKnownFileType = sourcecode.c.h; path = WelcomeViewToPopup.h; sourceTree = "<group>"; };
		783658AF1ECEDD4700AF7591 /* WelcomeViewToPopup.m */ = {isa = PBXFileReference; fileEncoding = 4; lastKnownFileType = sourcecode.c.objc; path = WelcomeViewToPopup.m; sourceTree = "<group>"; };
		783658B01ECEDD4700AF7591 /* WelcomeViewToPopup.xib */ = {isa = PBXFileReference; fileEncoding = 4; lastKnownFileType = file.xib; path = WelcomeViewToPopup.xib; sourceTree = "<group>"; };
		783658C41ECEDDBE00AF7591 /* BaseAnimationViewController.h */ = {isa = PBXFileReference; fileEncoding = 4; lastKnownFileType = sourcecode.c.h; path = BaseAnimationViewController.h; sourceTree = "<group>"; };
		783658C51ECEDDBE00AF7591 /* BaseAnimationViewController.m */ = {isa = PBXFileReference; fileEncoding = 4; lastKnownFileType = sourcecode.c.objc; path = BaseAnimationViewController.m; sourceTree = "<group>"; };
		783658C61ECEDDBE00AF7591 /* BaseAnimationViewController.xib */ = {isa = PBXFileReference; fileEncoding = 4; lastKnownFileType = file.xib; path = BaseAnimationViewController.xib; sourceTree = "<group>"; };
		783658CB1ECEE24A00AF7591 /* CJAnimationFactory.h */ = {isa = PBXFileReference; fileEncoding = 4; lastKnownFileType = sourcecode.c.h; path = CJAnimationFactory.h; sourceTree = "<group>"; };
		783658CC1ECEE24A00AF7591 /* CJAnimationFactory.m */ = {isa = PBXFileReference; fileEncoding = 4; lastKnownFileType = sourcecode.c.objc; path = CJAnimationFactory.m; sourceTree = "<group>"; };
		783658CF1ECEE3A400AF7591 /* RadarAnimationViewController.h */ = {isa = PBXFileReference; fileEncoding = 4; lastKnownFileType = sourcecode.c.h; path = RadarAnimationViewController.h; sourceTree = "<group>"; };
		783658D01ECEE3A400AF7591 /* RadarAnimationViewController.m */ = {isa = PBXFileReference; fileEncoding = 4; lastKnownFileType = sourcecode.c.objc; path = RadarAnimationViewController.m; sourceTree = "<group>"; };
		783658D11ECEE3A400AF7591 /* RadarAnimationViewController.xib */ = {isa = PBXFileReference; fileEncoding = 4; lastKnownFileType = file.xib; path = RadarAnimationViewController.xib; sourceTree = "<group>"; };
		783658D41ECEE8A900AF7591 /* CAShapeLayerFactory.h */ = {isa = PBXFileReference; fileEncoding = 4; lastKnownFileType = sourcecode.c.h; path = CAShapeLayerFactory.h; sourceTree = "<group>"; };
		783658D51ECEE8A900AF7591 /* CAShapeLayerFactory.m */ = {isa = PBXFileReference; fileEncoding = 4; lastKnownFileType = sourcecode.c.objc; path = CAShapeLayerFactory.m; sourceTree = "<group>"; };
		783658FC1ECFCDB100AF7591 /* PeiwoAnimationViewController.h */ = {isa = PBXFileReference; fileEncoding = 4; lastKnownFileType = sourcecode.c.h; path = PeiwoAnimationViewController.h; sourceTree = "<group>"; };
		783658FD1ECFCDB100AF7591 /* PeiwoAnimationViewController.m */ = {isa = PBXFileReference; fileEncoding = 4; lastKnownFileType = sourcecode.c.objc; path = PeiwoAnimationViewController.m; sourceTree = "<group>"; };
		783658FE1ECFCDB100AF7591 /* PeiwoAnimationViewController.xib */ = {isa = PBXFileReference; fileEncoding = 4; lastKnownFileType = file.xib; path = PeiwoAnimationViewController.xib; sourceTree = "<group>"; };
		783659011ED044F900AF7591 /* UIControl+CJRadarAnimation.h */ = {isa = PBXFileReference; fileEncoding = 4; lastKnownFileType = sourcecode.c.h; path = "UIControl+CJRadarAnimation.h"; sourceTree = "<group>"; };
		783659021ED044F900AF7591 /* UIControl+CJRadarAnimation.m */ = {isa = PBXFileReference; fileEncoding = 4; lastKnownFileType = sourcecode.c.objc; path = "UIControl+CJRadarAnimation.m"; sourceTree = "<group>"; };
		784031191ED1FF7E00469988 /* CJRepeatKeyWindow.h */ = {isa = PBXFileReference; fileEncoding = 4; lastKnownFileType = sourcecode.c.h; path = CJRepeatKeyWindow.h; sourceTree = "<group>"; };
		7840311A1ED1FF7E00469988 /* CJRepeatKeyWindow.m */ = {isa = PBXFileReference; fileEncoding = 4; lastKnownFileType = sourcecode.c.objc; path = CJRepeatKeyWindow.m; sourceTree = "<group>"; };
		7A61ABA3B52FC5365A6A31A8 /* Pods-CoreAnimationDemo.debug.xcconfig */ = {isa = PBXFileReference; includeInIndex = 1; lastKnownFileType = text.xcconfig; name = "Pods-CoreAnimationDemo.debug.xcconfig"; path = "Pods/Target Support Files/Pods-CoreAnimationDemo/Pods-CoreAnimationDemo.debug.xcconfig"; sourceTree = "<group>"; };
		80150F081BCCB1AB001D59D9 /* CoreAnimationDemo.app */ = {isa = PBXFileReference; explicitFileType = wrapper.application; includeInIndex = 0; path = CoreAnimationDemo.app; sourceTree = BUILT_PRODUCTS_DIR; };
		80150F0C1BCCB1AB001D59D9 /* Info.plist */ = {isa = PBXFileReference; lastKnownFileType = text.plist.xml; path = Info.plist; sourceTree = "<group>"; };
		80150F0D1BCCB1AB001D59D9 /* main.m */ = {isa = PBXFileReference; lastKnownFileType = sourcecode.c.objc; path = main.m; sourceTree = "<group>"; };
		80150F0F1BCCB1AB001D59D9 /* AppDelegate.h */ = {isa = PBXFileReference; lastKnownFileType = sourcecode.c.h; path = AppDelegate.h; sourceTree = "<group>"; };
		80150F101BCCB1AB001D59D9 /* AppDelegate.m */ = {isa = PBXFileReference; lastKnownFileType = sourcecode.c.objc; path = AppDelegate.m; sourceTree = "<group>"; };
		80150F121BCCB1AB001D59D9 /* ViewController.h */ = {isa = PBXFileReference; lastKnownFileType = sourcecode.c.h; path = ViewController.h; sourceTree = "<group>"; };
		80150F131BCCB1AB001D59D9 /* ViewController.m */ = {isa = PBXFileReference; lastKnownFileType = sourcecode.c.objc; path = ViewController.m; sourceTree = "<group>"; };
		80150F161BCCB1AB001D59D9 /* Base */ = {isa = PBXFileReference; lastKnownFileType = file.storyboard; name = Base; path = Base.lproj/Main.storyboard; sourceTree = "<group>"; };
		80150F181BCCB1AB001D59D9 /* Images.xcassets */ = {isa = PBXFileReference; lastKnownFileType = folder.assetcatalog; path = Images.xcassets; sourceTree = "<group>"; };
		80150F1B1BCCB1AB001D59D9 /* Base */ = {isa = PBXFileReference; lastKnownFileType = file.xib; name = Base; path = Base.lproj/LaunchScreen.xib; sourceTree = "<group>"; };
		80150F211BCCB1AB001D59D9 /* CoreAnimationDemoTests.xctest */ = {isa = PBXFileReference; explicitFileType = wrapper.cfbundle; includeInIndex = 0; path = CoreAnimationDemoTests.xctest; sourceTree = BUILT_PRODUCTS_DIR; };
		80150F261BCCB1AB001D59D9 /* Info.plist */ = {isa = PBXFileReference; lastKnownFileType = text.plist.xml; path = Info.plist; sourceTree = "<group>"; };
		80150F271BCCB1AB001D59D9 /* CoreAnimationDemoTests.m */ = {isa = PBXFileReference; lastKnownFileType = sourcecode.c.objc; path = CoreAnimationDemoTests.m; sourceTree = "<group>"; };
/* End PBXFileReference section */

/* Begin PBXFrameworksBuildPhase section */
		80150F051BCCB1AB001D59D9 /* Frameworks */ = {
			isa = PBXFrameworksBuildPhase;
			buildActionMask = 2147483647;
			files = (
				8384466F6D70826E5273952C /* libPods-CoreAnimationDemo.a in Frameworks */,
			);
			runOnlyForDeploymentPostprocessing = 0;
		};
		80150F1E1BCCB1AB001D59D9 /* Frameworks */ = {
			isa = PBXFrameworksBuildPhase;
			buildActionMask = 2147483647;
			files = (
				0FBC5898EB7F35E1E81F3D36 /* libPods-CoreAnimationDemoTests.a in Frameworks */,
			);
			runOnlyForDeploymentPostprocessing = 0;
		};
/* End PBXFrameworksBuildPhase section */

/* Begin PBXGroup section */
		2C1C036E133124E0046BC174 /* Frameworks */ = {
			isa = PBXGroup;
			children = (
				77F1D8839AA4E6B51461D270 /* libPods-CoreAnimationDemo.a */,
				4AC1D3DEB7E93BC67998E408 /* libPods-CoreAnimationDemoTests.a */,
			);
			name = Frameworks;
			sourceTree = "<group>";
		};
		7836588E1ECEDD4700AF7591 /* Demos */ = {
			isa = PBXGroup;
			children = (
				783658971ECEDD4700AF7591 /* HomeViewController.h */,
				783658981ECEDD4700AF7591 /* HomeViewController.m */,
				783658FC1ECFCDB100AF7591 /* PeiwoAnimationViewController.h */,
				783658FD1ECFCDB100AF7591 /* PeiwoAnimationViewController.m */,
				783658FE1ECFCDB100AF7591 /* PeiwoAnimationViewController.xib */,
				783658CE1ECEE39700AF7591 /* RadarAnimationDemo */,
				7836588F1ECEDD4700AF7591 /* BasicAnimationDemo */,
				783658931ECEDD4700AF7591 /* BezierPathAnimationDemo */,
				783658991ECEDD4700AF7591 /* KeyframeAnimationDemo */,
				7836589D1ECEDD4700AF7591 /* UIViewAnimationDemo */,
				783658C41ECEDDBE00AF7591 /* BaseAnimationViewController.h */,
				783658C51ECEDDBE00AF7591 /* BaseAnimationViewController.m */,
				783658C61ECEDDBE00AF7591 /* BaseAnimationViewController.xib */,
			);
			path = Demos;
			sourceTree = "<group>";
		};
		7836588F1ECEDD4700AF7591 /* BasicAnimationDemo */ = {
			isa = PBXGroup;
			children = (
				783658901ECEDD4700AF7591 /* BasicAnimationVC.h */,
				783658911ECEDD4700AF7591 /* BasicAnimationVC.m */,
				783658921ECEDD4700AF7591 /* BasicAnimationVC.xib */,
			);
			path = BasicAnimationDemo;
			sourceTree = "<group>";
		};
		783658931ECEDD4700AF7591 /* BezierPathAnimationDemo */ = {
			isa = PBXGroup;
			children = (
				783658941ECEDD4700AF7591 /* BezierPathAnimationVC.h */,
				783658951ECEDD4700AF7591 /* BezierPathAnimationVC.m */,
				783658961ECEDD4700AF7591 /* BezierPathAnimationVC.xib */,
			);
			path = BezierPathAnimationDemo;
			sourceTree = "<group>";
		};
		783658991ECEDD4700AF7591 /* KeyframeAnimationDemo */ = {
			isa = PBXGroup;
			children = (
				7836589A1ECEDD4700AF7591 /* KeyframeAnimationVC.h */,
				7836589B1ECEDD4700AF7591 /* KeyframeAnimationVC.m */,
				7836589C1ECEDD4700AF7591 /* KeyframeAnimationVC.xib */,
			);
			path = KeyframeAnimationDemo;
			sourceTree = "<group>";
		};
		7836589D1ECEDD4700AF7591 /* UIViewAnimationDemo */ = {
			isa = PBXGroup;
			children = (
				7836589E1ECEDD4700AF7591 /* UIViewDemo.h */,
				7836589F1ECEDD4700AF7591 /* UIViewDemo.m */,
				783658A01ECEDD4700AF7591 /* UIViewDemo.xib */,
			);
			path = UIViewAnimationDemo;
			sourceTree = "<group>";
		};
		783658A11ECEDD4700AF7591 /* Models */ = {
			isa = PBXGroup;
			children = (
				783658A21ECEDD4700AF7591 /* ModuleModel.h */,
				783658A31ECEDD4700AF7591 /* ModuleModel.m */,
			);
			path = Models;
			sourceTree = "<group>";
		};
		783658A41ECEDD4700AF7591 /* Resources */ = {
			isa = PBXGroup;
			children = (
				783658A51ECEDD4700AF7591 /* bg@2x.jpg */,
				783658A61ECEDD4700AF7591 /* bgCar@2x.jpg */,
				783658A71ECEDD4700AF7591 /* bgSky@2x.jpg */,
				783658A81ECEDD4700AF7591 /* header@2x.jpg */,
				783658A91ECEDD4700AF7591 /* sanguosha.png */,
				783288001ED2236B00A01A8A /* av_call.png */,
				783288011ED2236B00A01A8A /* av_call@3x.png */,
			);
			path = Resources;
			sourceTree = "<group>";
		};
		783658AA1ECEDD4700AF7591 /* Views */ = {
			isa = PBXGroup;
			children = (
				783658AB1ECEDD4700AF7591 /* WelcomeVCToPopup.h */,
				783658AC1ECEDD4700AF7591 /* WelcomeVCToPopup.m */,
				783658AD1ECEDD4700AF7591 /* WelcomeVCToPopup.xib */,
				783658AE1ECEDD4700AF7591 /* WelcomeViewToPopup.h */,
				783658AF1ECEDD4700AF7591 /* WelcomeViewToPopup.m */,
				783658B01ECEDD4700AF7591 /* WelcomeViewToPopup.xib */,
			);
			path = Views;
			sourceTree = "<group>";
		};
		783658C91ECEE1E200AF7591 /* CJAnimation */ = {
			isa = PBXGroup;
			children = (
				783659011ED044F900AF7591 /* UIControl+CJRadarAnimation.h */,
				783659021ED044F900AF7591 /* UIControl+CJRadarAnimation.m */,
				783658CA1ECEE1E200AF7591 /* CJRadarAnimation */,
				783658CB1ECEE24A00AF7591 /* CJAnimationFactory.h */,
				783658CC1ECEE24A00AF7591 /* CJAnimationFactory.m */,
				783658D41ECEE8A900AF7591 /* CAShapeLayerFactory.h */,
				783658D51ECEE8A900AF7591 /* CAShapeLayerFactory.m */,
				784031191ED1FF7E00469988 /* CJRepeatKeyWindow.h */,
				7840311A1ED1FF7E00469988 /* CJRepeatKeyWindow.m */,
				783288041ED2DDCB00A01A8A /* UIView+CJZoomFrame.h */,
				783288051ED2DDCB00A01A8A /* UIView+CJZoomFrame.m */,
			);
			name = CJAnimation;
			path = ../../CJAnimation;
			sourceTree = "<group>";
		};
		783658CA1ECEE1E200AF7591 /* CJRadarAnimation */ = {
			isa = PBXGroup;
			children = (
			);
			path = CJRadarAnimation;
			sourceTree = "<group>";
		};
		783658CE1ECEE39700AF7591 /* RadarAnimationDemo */ = {
			isa = PBXGroup;
			children = (
				783658CF1ECEE3A400AF7591 /* RadarAnimationViewController.h */,
				783658D01ECEE3A400AF7591 /* RadarAnimationViewController.m */,
				783658D11ECEE3A400AF7591 /* RadarAnimationViewController.xib */,
			);
			path = RadarAnimationDemo;
			sourceTree = "<group>";
		};
		80150EFF1BCCB1AB001D59D9 = {
			isa = PBXGroup;
			children = (
				80150F0A1BCCB1AB001D59D9 /* CoreAnimationDemo */,
				80150F241BCCB1AB001D59D9 /* CoreAnimationDemoTests */,
				80150F091BCCB1AB001D59D9 /* Products */,
				C56CED42F0E41E4D779C8415 /* Pods */,
				2C1C036E133124E0046BC174 /* Frameworks */,
			);
			sourceTree = "<group>";
		};
		80150F091BCCB1AB001D59D9 /* Products */ = {
			isa = PBXGroup;
			children = (
				80150F081BCCB1AB001D59D9 /* CoreAnimationDemo.app */,
				80150F211BCCB1AB001D59D9 /* CoreAnimationDemoTests.xctest */,
			);
			name = Products;
			sourceTree = "<group>";
		};
		80150F0A1BCCB1AB001D59D9 /* CoreAnimationDemo */ = {
			isa = PBXGroup;
			children = (
				80150F0F1BCCB1AB001D59D9 /* AppDelegate.h */,
				80150F101BCCB1AB001D59D9 /* AppDelegate.m */,
				80150F121BCCB1AB001D59D9 /* ViewController.h */,
				80150F131BCCB1AB001D59D9 /* ViewController.m */,
				783658C91ECEE1E200AF7591 /* CJAnimation */,
				7836588E1ECEDD4700AF7591 /* Demos */,
				783658A11ECEDD4700AF7591 /* Models */,
				783658A41ECEDD4700AF7591 /* Resources */,
				783658AA1ECEDD4700AF7591 /* Views */,
				80150F151BCCB1AB001D59D9 /* Main.storyboard */,
				80150F181BCCB1AB001D59D9 /* Images.xcassets */,
				80150F1A1BCCB1AB001D59D9 /* LaunchScreen.xib */,
				80150F0B1BCCB1AB001D59D9 /* Supporting Files */,
			);
			path = CoreAnimationDemo;
			sourceTree = "<group>";
		};
		80150F0B1BCCB1AB001D59D9 /* Supporting Files */ = {
			isa = PBXGroup;
			children = (
				80150F0C1BCCB1AB001D59D9 /* Info.plist */,
				80150F0D1BCCB1AB001D59D9 /* main.m */,
			);
			name = "Supporting Files";
			sourceTree = "<group>";
		};
		80150F241BCCB1AB001D59D9 /* CoreAnimationDemoTests */ = {
			isa = PBXGroup;
			children = (
				80150F271BCCB1AB001D59D9 /* CoreAnimationDemoTests.m */,
				80150F251BCCB1AB001D59D9 /* Supporting Files */,
			);
			path = CoreAnimationDemoTests;
			sourceTree = "<group>";
		};
		80150F251BCCB1AB001D59D9 /* Supporting Files */ = {
			isa = PBXGroup;
			children = (
				80150F261BCCB1AB001D59D9 /* Info.plist */,
			);
			name = "Supporting Files";
			sourceTree = "<group>";
		};
		C56CED42F0E41E4D779C8415 /* Pods */ = {
			isa = PBXGroup;
			children = (
				7A61ABA3B52FC5365A6A31A8 /* Pods-CoreAnimationDemo.debug.xcconfig */,
				39C1C815EA634157408DAAFB /* Pods-CoreAnimationDemo.release.xcconfig */,
				2EAE353F1593EF11310330DD /* Pods-CoreAnimationDemoTests.debug.xcconfig */,
				406943A1047EE2340C5075D9 /* Pods-CoreAnimationDemoTests.release.xcconfig */,
			);
			name = Pods;
			sourceTree = "<group>";
		};
/* End PBXGroup section */

/* Begin PBXNativeTarget section */
		80150F071BCCB1AB001D59D9 /* CoreAnimationDemo */ = {
			isa = PBXNativeTarget;
			buildConfigurationList = 80150F2B1BCCB1AB001D59D9 /* Build configuration list for PBXNativeTarget "CoreAnimationDemo" */;
			buildPhases = (
				C81DA333D3A11E773A2EECFB /* [CP] Check Pods Manifest.lock */,
				80150F041BCCB1AB001D59D9 /* Sources */,
				80150F051BCCB1AB001D59D9 /* Frameworks */,
				80150F061BCCB1AB001D59D9 /* Resources */,
				47F142FB86DF7519D144C531 /* [CP] Embed Pods Frameworks */,
				3EDBB99402E3FC6A94EEE577 /* [CP] Copy Pods Resources */,
			);
			buildRules = (
			);
			dependencies = (
			);
			name = CoreAnimationDemo;
			productName = CoreAnimationDemo;
			productReference = 80150F081BCCB1AB001D59D9 /* CoreAnimationDemo.app */;
			productType = "com.apple.product-type.application";
		};
		80150F201BCCB1AB001D59D9 /* CoreAnimationDemoTests */ = {
			isa = PBXNativeTarget;
			buildConfigurationList = 80150F2E1BCCB1AB001D59D9 /* Build configuration list for PBXNativeTarget "CoreAnimationDemoTests" */;
			buildPhases = (
				5E0221ECA55C8623D2890781 /* [CP] Check Pods Manifest.lock */,
				80150F1D1BCCB1AB001D59D9 /* Sources */,
				80150F1E1BCCB1AB001D59D9 /* Frameworks */,
				80150F1F1BCCB1AB001D59D9 /* Resources */,
				EE4CB9593D999DE5D9BB23DB /* [CP] Embed Pods Frameworks */,
				7506D85B52C873DB6E88FE43 /* [CP] Copy Pods Resources */,
			);
			buildRules = (
			);
			dependencies = (
				80150F231BCCB1AB001D59D9 /* PBXTargetDependency */,
			);
			name = CoreAnimationDemoTests;
			productName = CoreAnimationDemoTests;
			productReference = 80150F211BCCB1AB001D59D9 /* CoreAnimationDemoTests.xctest */;
			productType = "com.apple.product-type.bundle.unit-test";
		};
/* End PBXNativeTarget section */

/* Begin PBXProject section */
		80150F001BCCB1AB001D59D9 /* Project object */ = {
			isa = PBXProject;
			attributes = {
				LastUpgradeCheck = 0640;
				ORGANIZATIONNAME = "李超前";
				TargetAttributes = {
					80150F071BCCB1AB001D59D9 = {
						CreatedOnToolsVersion = 6.4;
					};
					80150F201BCCB1AB001D59D9 = {
						CreatedOnToolsVersion = 6.4;
						TestTargetID = 80150F071BCCB1AB001D59D9;
					};
				};
			};
			buildConfigurationList = 80150F031BCCB1AB001D59D9 /* Build configuration list for PBXProject "CoreAnimationDemo" */;
			compatibilityVersion = "Xcode 3.2";
			developmentRegion = English;
			hasScannedForEncodings = 0;
			knownRegions = (
				en,
				Base,
			);
			mainGroup = 80150EFF1BCCB1AB001D59D9;
			productRefGroup = 80150F091BCCB1AB001D59D9 /* Products */;
			projectDirPath = "";
			projectRoot = "";
			targets = (
				80150F071BCCB1AB001D59D9 /* CoreAnimationDemo */,
				80150F201BCCB1AB001D59D9 /* CoreAnimationDemoTests */,
			);
		};
/* End PBXProject section */

/* Begin PBXResourcesBuildPhase section */
		80150F061BCCB1AB001D59D9 /* Resources */ = {
			isa = PBXResourcesBuildPhase;
			buildActionMask = 2147483647;
			files = (
				783658BC1ECEDD4700AF7591 /* bgCar@2x.jpg in Resources */,
				783659001ECFCDB100AF7591 /* PeiwoAnimationViewController.xib in Resources */,
				783658BF1ECEDD4700AF7591 /* sanguosha.png in Resources */,
				783658BE1ECEDD4700AF7591 /* header@2x.jpg in Resources */,
				783658B91ECEDD4700AF7591 /* UIViewDemo.xib in Resources */,
				783658D31ECEE3A400AF7591 /* RadarAnimationViewController.xib in Resources */,
				783658B21ECEDD4700AF7591 /* BasicAnimationVC.xib in Resources */,
				783658C11ECEDD4700AF7591 /* WelcomeVCToPopup.xib in Resources */,
				783288031ED2236B00A01A8A /* av_call@3x.png in Resources */,
				80150F171BCCB1AB001D59D9 /* Main.storyboard in Resources */,
				783658BB1ECEDD4700AF7591 /* bg@2x.jpg in Resources */,
				783658BD1ECEDD4700AF7591 /* bgSky@2x.jpg in Resources */,
				783658C31ECEDD4700AF7591 /* WelcomeViewToPopup.xib in Resources */,
				783288021ED2236B00A01A8A /* av_call.png in Resources */,
				80150F1C1BCCB1AB001D59D9 /* LaunchScreen.xib in Resources */,
				783658B41ECEDD4700AF7591 /* BezierPathAnimationVC.xib in Resources */,
				783658C81ECEDDBE00AF7591 /* BaseAnimationViewController.xib in Resources */,
				80150F191BCCB1AB001D59D9 /* Images.xcassets in Resources */,
				783658B71ECEDD4700AF7591 /* KeyframeAnimationVC.xib in Resources */,
			);
			runOnlyForDeploymentPostprocessing = 0;
		};
		80150F1F1BCCB1AB001D59D9 /* Resources */ = {
			isa = PBXResourcesBuildPhase;
			buildActionMask = 2147483647;
			files = (
			);
			runOnlyForDeploymentPostprocessing = 0;
		};
/* End PBXResourcesBuildPhase section */

/* Begin PBXShellScriptBuildPhase section */
		3EDBB99402E3FC6A94EEE577 /* [CP] Copy Pods Resources */ = {
			isa = PBXShellScriptBuildPhase;
			buildActionMask = 2147483647;
			files = (
			);
			inputPaths = (
			);
			name = "[CP] Copy Pods Resources";
			outputPaths = (
			);
			runOnlyForDeploymentPostprocessing = 0;
			shellPath = /bin/sh;
			shellScript = "\"${SRCROOT}/Pods/Target Support Files/Pods-CoreAnimationDemo/Pods-CoreAnimationDemo-resources.sh\"\n";
			showEnvVarsInLog = 0;
		};
		47F142FB86DF7519D144C531 /* [CP] Embed Pods Frameworks */ = {
			isa = PBXShellScriptBuildPhase;
			buildActionMask = 2147483647;
			files = (
			);
			inputPaths = (
			);
			name = "[CP] Embed Pods Frameworks";
			outputPaths = (
			);
			runOnlyForDeploymentPostprocessing = 0;
			shellPath = /bin/sh;
			shellScript = "\"${SRCROOT}/Pods/Target Support Files/Pods-CoreAnimationDemo/Pods-CoreAnimationDemo-frameworks.sh\"\n";
			showEnvVarsInLog = 0;
		};
		5E0221ECA55C8623D2890781 /* [CP] Check Pods Manifest.lock */ = {
			isa = PBXShellScriptBuildPhase;
			buildActionMask = 2147483647;
			files = (
			);
			inputPaths = (
			);
			name = "[CP] Check Pods Manifest.lock";
			outputPaths = (
			);
			runOnlyForDeploymentPostprocessing = 0;
			shellPath = /bin/sh;
			shellScript = "diff \"${PODS_ROOT}/../Podfile.lock\" \"${PODS_ROOT}/Manifest.lock\" > /dev/null\nif [ $? != 0 ] ; then\n    # print error to STDERR\n    echo \"error: The sandbox is not in sync with the Podfile.lock. Run 'pod install' or update your CocoaPods installation.\" >&2\n    exit 1\nfi\n";
			showEnvVarsInLog = 0;
		};
		7506D85B52C873DB6E88FE43 /* [CP] Copy Pods Resources */ = {
			isa = PBXShellScriptBuildPhase;
			buildActionMask = 2147483647;
			files = (
			);
			inputPaths = (
			);
			name = "[CP] Copy Pods Resources";
			outputPaths = (
			);
			runOnlyForDeploymentPostprocessing = 0;
			shellPath = /bin/sh;
			shellScript = "\"${SRCROOT}/Pods/Target Support Files/Pods-CoreAnimationDemoTests/Pods-CoreAnimationDemoTests-resources.sh\"\n";
			showEnvVarsInLog = 0;
		};
		C81DA333D3A11E773A2EECFB /* [CP] Check Pods Manifest.lock */ = {
			isa = PBXShellScriptBuildPhase;
			buildActionMask = 2147483647;
			files = (
			);
			inputPaths = (
			);
			name = "[CP] Check Pods Manifest.lock";
			outputPaths = (
			);
			runOnlyForDeploymentPostprocessing = 0;
			shellPath = /bin/sh;
			shellScript = "diff \"${PODS_ROOT}/../Podfile.lock\" \"${PODS_ROOT}/Manifest.lock\" > /dev/null\nif [ $? != 0 ] ; then\n    # print error to STDERR\n    echo \"error: The sandbox is not in sync with the Podfile.lock. Run 'pod install' or update your CocoaPods installation.\" >&2\n    exit 1\nfi\n";
			showEnvVarsInLog = 0;
		};
		EE4CB9593D999DE5D9BB23DB /* [CP] Embed Pods Frameworks */ = {
			isa = PBXShellScriptBuildPhase;
			buildActionMask = 2147483647;
			files = (
			);
			inputPaths = (
			);
			name = "[CP] Embed Pods Frameworks";
			outputPaths = (
			);
			runOnlyForDeploymentPostprocessing = 0;
			shellPath = /bin/sh;
			shellScript = "\"${SRCROOT}/Pods/Target Support Files/Pods-CoreAnimationDemoTests/Pods-CoreAnimationDemoTests-frameworks.sh\"\n";
			showEnvVarsInLog = 0;
		};
/* End PBXShellScriptBuildPhase section */

/* Begin PBXSourcesBuildPhase section */
		80150F041BCCB1AB001D59D9 /* Sources */ = {
			isa = PBXSourcesBuildPhase;
			buildActionMask = 2147483647;
			files = (
				783658B11ECEDD4700AF7591 /* BasicAnimationVC.m in Sources */,
				783658D61ECEE8A900AF7591 /* CAShapeLayerFactory.m in Sources */,
				783658B31ECEDD4700AF7591 /* BezierPathAnimationVC.m in Sources */,
				783658CD1ECEE24A00AF7591 /* CJAnimationFactory.m in Sources */,
				80150F141BCCB1AB001D59D9 /* ViewController.m in Sources */,
				783658FF1ECFCDB100AF7591 /* PeiwoAnimationViewController.m in Sources */,
				783658C21ECEDD4700AF7591 /* WelcomeViewToPopup.m in Sources */,
				80150F111BCCB1AB001D59D9 /* AppDelegate.m in Sources */,
				783658BA1ECEDD4700AF7591 /* ModuleModel.m in Sources */,
				783288061ED2DDCB00A01A8A /* UIView+CJZoomFrame.m in Sources */,
				783658C01ECEDD4700AF7591 /* WelcomeVCToPopup.m in Sources */,
				80150F0E1BCCB1AB001D59D9 /* main.m in Sources */,
				7840311B1ED1FF7E00469988 /* CJRepeatKeyWindow.m in Sources */,
				783658B81ECEDD4700AF7591 /* UIViewDemo.m in Sources */,
				783659031ED044F900AF7591 /* UIControl+CJRadarAnimation.m in Sources */,
				783658D21ECEE3A400AF7591 /* RadarAnimationViewController.m in Sources */,
				783658B51ECEDD4700AF7591 /* HomeViewController.m in Sources */,
				783658C71ECEDDBE00AF7591 /* BaseAnimationViewController.m in Sources */,
				783658B61ECEDD4700AF7591 /* KeyframeAnimationVC.m in Sources */,
			);
			runOnlyForDeploymentPostprocessing = 0;
		};
		80150F1D1BCCB1AB001D59D9 /* Sources */ = {
			isa = PBXSourcesBuildPhase;
			buildActionMask = 2147483647;
			files = (
				80150F281BCCB1AB001D59D9 /* CoreAnimationDemoTests.m in Sources */,
			);
			runOnlyForDeploymentPostprocessing = 0;
		};
/* End PBXSourcesBuildPhase section */

/* Begin PBXTargetDependency section */
		80150F231BCCB1AB001D59D9 /* PBXTargetDependency */ = {
			isa = PBXTargetDependency;
			target = 80150F071BCCB1AB001D59D9 /* CoreAnimationDemo */;
			targetProxy = 80150F221BCCB1AB001D59D9 /* PBXContainerItemProxy */;
		};
/* End PBXTargetDependency section */

/* Begin PBXVariantGroup section */
		80150F151BCCB1AB001D59D9 /* Main.storyboard */ = {
			isa = PBXVariantGroup;
			children = (
				80150F161BCCB1AB001D59D9 /* Base */,
			);
			name = Main.storyboard;
			sourceTree = "<group>";
		};
		80150F1A1BCCB1AB001D59D9 /* LaunchScreen.xib */ = {
			isa = PBXVariantGroup;
			children = (
				80150F1B1BCCB1AB001D59D9 /* Base */,
			);
			name = LaunchScreen.xib;
			sourceTree = "<group>";
		};
/* End PBXVariantGroup section */

/* Begin XCBuildConfiguration section */
		80150F291BCCB1AB001D59D9 /* Debug */ = {
			isa = XCBuildConfiguration;
			buildSettings = {
				ALWAYS_SEARCH_USER_PATHS = NO;
				CLANG_CXX_LANGUAGE_STANDARD = "gnu++0x";
				CLANG_CXX_LIBRARY = "libc++";
				CLANG_ENABLE_MODULES = YES;
				CLANG_ENABLE_OBJC_ARC = YES;
				CLANG_WARN_BOOL_CONVERSION = YES;
				CLANG_WARN_CONSTANT_CONVERSION = YES;
				CLANG_WARN_DIRECT_OBJC_ISA_USAGE = YES_ERROR;
				CLANG_WARN_EMPTY_BODY = YES;
				CLANG_WARN_ENUM_CONVERSION = YES;
				CLANG_WARN_INT_CONVERSION = YES;
				CLANG_WARN_OBJC_ROOT_CLASS = YES_ERROR;
				CLANG_WARN_UNREACHABLE_CODE = YES;
				CLANG_WARN__DUPLICATE_METHOD_MATCH = YES;
				"CODE_SIGN_IDENTITY[sdk=iphoneos*]" = "iPhone Developer";
				COPY_PHASE_STRIP = NO;
				DEBUG_INFORMATION_FORMAT = "dwarf-with-dsym";
				ENABLE_STRICT_OBJC_MSGSEND = YES;
				GCC_C_LANGUAGE_STANDARD = gnu99;
				GCC_DYNAMIC_NO_PIC = NO;
				GCC_NO_COMMON_BLOCKS = YES;
				GCC_OPTIMIZATION_LEVEL = 0;
				GCC_PREPROCESSOR_DEFINITIONS = (
					"DEBUG=1",
					"$(inherited)",
				);
				GCC_SYMBOLS_PRIVATE_EXTERN = NO;
				GCC_WARN_64_TO_32_BIT_CONVERSION = YES;
				GCC_WARN_ABOUT_RETURN_TYPE = YES_ERROR;
				GCC_WARN_UNDECLARED_SELECTOR = YES;
				GCC_WARN_UNINITIALIZED_AUTOS = YES_AGGRESSIVE;
				GCC_WARN_UNUSED_FUNCTION = YES;
				GCC_WARN_UNUSED_VARIABLE = YES;
				IPHONEOS_DEPLOYMENT_TARGET = 8.4;
				MTL_ENABLE_DEBUG_INFO = YES;
				ONLY_ACTIVE_ARCH = YES;
				SDKROOT = iphoneos;
			};
			name = Debug;
		};
		80150F2A1BCCB1AB001D59D9 /* Release */ = {
			isa = XCBuildConfiguration;
			buildSettings = {
				ALWAYS_SEARCH_USER_PATHS = NO;
				CLANG_CXX_LANGUAGE_STANDARD = "gnu++0x";
				CLANG_CXX_LIBRARY = "libc++";
				CLANG_ENABLE_MODULES = YES;
				CLANG_ENABLE_OBJC_ARC = YES;
				CLANG_WARN_BOOL_CONVERSION = YES;
				CLANG_WARN_CONSTANT_CONVERSION = YES;
				CLANG_WARN_DIRECT_OBJC_ISA_USAGE = YES_ERROR;
				CLANG_WARN_EMPTY_BODY = YES;
				CLANG_WARN_ENUM_CONVERSION = YES;
				CLANG_WARN_INT_CONVERSION = YES;
				CLANG_WARN_OBJC_ROOT_CLASS = YES_ERROR;
				CLANG_WARN_UNREACHABLE_CODE = YES;
				CLANG_WARN__DUPLICATE_METHOD_MATCH = YES;
				"CODE_SIGN_IDENTITY[sdk=iphoneos*]" = "iPhone Developer";
				COPY_PHASE_STRIP = NO;
				DEBUG_INFORMATION_FORMAT = "dwarf-with-dsym";
				ENABLE_NS_ASSERTIONS = NO;
				ENABLE_STRICT_OBJC_MSGSEND = YES;
				GCC_C_LANGUAGE_STANDARD = gnu99;
				GCC_NO_COMMON_BLOCKS = YES;
				GCC_WARN_64_TO_32_BIT_CONVERSION = YES;
				GCC_WARN_ABOUT_RETURN_TYPE = YES_ERROR;
				GCC_WARN_UNDECLARED_SELECTOR = YES;
				GCC_WARN_UNINITIALIZED_AUTOS = YES_AGGRESSIVE;
				GCC_WARN_UNUSED_FUNCTION = YES;
				GCC_WARN_UNUSED_VARIABLE = YES;
				IPHONEOS_DEPLOYMENT_TARGET = 8.4;
				MTL_ENABLE_DEBUG_INFO = NO;
				SDKROOT = iphoneos;
				VALIDATE_PRODUCT = YES;
			};
			name = Release;
		};
		80150F2C1BCCB1AB001D59D9 /* Debug */ = {
			isa = XCBuildConfiguration;
			baseConfigurationReference = 7A61ABA3B52FC5365A6A31A8 /* Pods-CoreAnimationDemo.debug.xcconfig */;
			buildSettings = {
				ASSETCATALOG_COMPILER_APPICON_NAME = AppIcon;
				INFOPLIST_FILE = CoreAnimationDemo/Info.plist;
				IPHONEOS_DEPLOYMENT_TARGET = 8.2;
				LD_RUNPATH_SEARCH_PATHS = "$(inherited) @executable_path/Frameworks";
				PRODUCT_NAME = "$(TARGET_NAME)";
			};
			name = Debug;
		};
		80150F2D1BCCB1AB001D59D9 /* Release */ = {
			isa = XCBuildConfiguration;
			baseConfigurationReference = 39C1C815EA634157408DAAFB /* Pods-CoreAnimationDemo.release.xcconfig */;
			buildSettings = {
				ASSETCATALOG_COMPILER_APPICON_NAME = AppIcon;
				INFOPLIST_FILE = CoreAnimationDemo/Info.plist;
				IPHONEOS_DEPLOYMENT_TARGET = 8.2;
				LD_RUNPATH_SEARCH_PATHS = "$(inherited) @executable_path/Frameworks";
				PRODUCT_NAME = "$(TARGET_NAME)";
			};
			name = Release;
		};
		80150F2F1BCCB1AB001D59D9 /* Debug */ = {
			isa = XCBuildConfiguration;
			baseConfigurationReference = 2EAE353F1593EF11310330DD /* Pods-CoreAnimationDemoTests.debug.xcconfig */;
			buildSettings = {
				BUNDLE_LOADER = "$(TEST_HOST)";
				FRAMEWORK_SEARCH_PATHS = (
					"$(SDKROOT)/Developer/Library/Frameworks",
					"$(inherited)",
				);
				GCC_PREPROCESSOR_DEFINITIONS = (
					"DEBUG=1",
					"$(inherited)",
				);
				INFOPLIST_FILE = CoreAnimationDemoTests/Info.plist;
				LD_RUNPATH_SEARCH_PATHS = "$(inherited) @executable_path/Frameworks @loader_path/Frameworks";
				PRODUCT_NAME = "$(TARGET_NAME)";
				TEST_HOST = "$(BUILT_PRODUCTS_DIR)/CoreAnimationDemo.app/CoreAnimationDemo";
			};
			name = Debug;
		};
		80150F301BCCB1AB001D59D9 /* Release */ = {
			isa = XCBuildConfiguration;
			baseConfigurationReference = 406943A1047EE2340C5075D9 /* Pods-CoreAnimationDemoTests.release.xcconfig */;
			buildSettings = {
				BUNDLE_LOADER = "$(TEST_HOST)";
				FRAMEWORK_SEARCH_PATHS = (
					"$(SDKROOT)/Developer/Library/Frameworks",
					"$(inherited)",
				);
				INFOPLIST_FILE = CoreAnimationDemoTests/Info.plist;
				LD_RUNPATH_SEARCH_PATHS = "$(inherited) @executable_path/Frameworks @loader_path/Frameworks";
				PRODUCT_NAME = "$(TARGET_NAME)";
				TEST_HOST = "$(BUILT_PRODUCTS_DIR)/CoreAnimationDemo.app/CoreAnimationDemo";
			};
			name = Release;
		};
/* End XCBuildConfiguration section */

/* Begin XCConfigurationList section */
		80150F031BCCB1AB001D59D9 /* Build configuration list for PBXProject "CoreAnimationDemo" */ = {
			isa = XCConfigurationList;
			buildConfigurations = (
				80150F291BCCB1AB001D59D9 /* Debug */,
				80150F2A1BCCB1AB001D59D9 /* Release */,
			);
			defaultConfigurationIsVisible = 0;
			defaultConfigurationName = Release;
		};
		80150F2B1BCCB1AB001D59D9 /* Build configuration list for PBXNativeTarget "CoreAnimationDemo" */ = {
			isa = XCConfigurationList;
			buildConfigurations = (
				80150F2C1BCCB1AB001D59D9 /* Debug */,
				80150F2D1BCCB1AB001D59D9 /* Release */,
			);
			defaultConfigurationIsVisible = 0;
			defaultConfigurationName = Release;
		};
		80150F2E1BCCB1AB001D59D9 /* Build configuration list for PBXNativeTarget "CoreAnimationDemoTests" */ = {
			isa = XCConfigurationList;
			buildConfigurations = (
				80150F2F1BCCB1AB001D59D9 /* Debug */,
				80150F301BCCB1AB001D59D9 /* Release */,
			);
			defaultConfigurationIsVisible = 0;
			defaultConfigurationName = Release;
		};
/* End XCConfigurationList section */
	};
	rootObject = 80150F001BCCB1AB001D59D9 /* Project object */;
}
