PODS:
  - CJAnimationKit (0.0.3):
    - CJAnimationKit/ComponentAnimation (= 0.0.3)
    - CJAnimationKit/TransitionAnimation (= 0.0.3)
  - CJAnimationKit-Swift (0.0.1):
    - CJAnimationKit-Swift/Extension (= 0.0.1)
  - CJAnimationKit-Swift/Extension (0.0.1)
  - CJAnimationKit/ComponentAnimation (0.0.3):
    - CJAnimationKit/ComponentAnimation/Radar (= 0.0.3)
    - CJAnimationKit/ComponentAnimation/RepeatKeyWindow (= 0.0.3)
    - CJAnimationKit/ComponentAnimation/Shake (= 0.0.3)
    - CJAnimationKit/ComponentAnimation/ShapeLayer (= 0.0.3)
    - CJAnimationKit/ComponentAnimation/Shimmer (= 0.0.3)
    - CJAnimationKit/ComponentAnimation/ZoomFrame (= 0.0.3)
  - CJAnimationKit/ComponentAnimation/Radar (0.0.3)
  - CJAnimationKit/ComponentAnimation/RepeatKeyWindow (0.0.3)
  - CJAnimationKit/ComponentAnimation/Shake (0.0.3)
  - CJAnimationKit/ComponentAnimation/ShapeLayer (0.0.3)
  - CJAnimationKit/ComponentAnimation/Shimmer (0.0.3)
  - CJAnimationKit/ComponentAnimation/ZoomFrame (0.0.3)
  - CJAnimationKit/TransitionAnimation (0.0.3)
  - CJBaseUIKit/UINavigationBar (0.8.1)
  - CJBaseUIKit/UIView/CJDragAction (0.8.1)
  - CQDemoKit (0.9.10):
    - CQDemoKit/Auxiliary (= 0.9.10)
    - CQDemoKit/BaseUIKit (= 0.9.10)
    - CQDemoKit/BaseUtil (= 0.9.10)
    - CQDemoKit/BaseVC (= 0.9.10)
    - CQDemoKit/Demo_DataSourceAndDelegate (= 0.9.10)
    - CQDemoKit/Demo_Resource (= 0.9.10)
    - CQDemoKit/Demo_RipeView (= 0.9.10)
    - CQDemoKit/Helper (= 0.9.10)
    - CQDemoKit/Monitor (= 0.9.10)
    - CQDemoKit/StateUI (= 0.9.10)
    - CQDemoKit/TestMethod (= 0.9.10)
  - CQDemoKit/Auxiliary (0.9.10):
    - Masonry
  - CQDemoKit/BaseUIKit (0.9.10):
    - Masonry
  - CQDemoKit/BaseUtil (0.9.10)
  - CQDemoKit/BaseVC (0.9.10):
    - CQDemoKit/BaseVC/Base (= 0.9.10)
    - CQDemoKit/BaseVC/Collection (= 0.9.10)
    - CQDemoKit/BaseVC/ScrollView (= 0.9.10)
    - CQDemoKit/BaseVC/TabBar (= 0.9.10)
    - CQDemoKit/BaseVC/TableView (= 0.9.10)
  - CQDemoKit/BaseVC/Base (0.9.10):
    - CQDemoKit/BaseUIKit
    - Masonry
  - CQDemoKit/BaseVC/Collection (0.9.10):
    - CQDemoKit/BaseVC/Base
  - CQDemoKit/BaseVC/ScrollView (0.9.10):
    - CQDemoKit/BaseVC/Base
  - CQDemoKit/BaseVC/TabBar (0.9.10):
    - CQDemoKit/Helper
  - CQDemoKit/BaseVC/TableView (0.9.10):
    - CQDemoKit/BaseVC/Base
  - CQDemoKit/Demo_DataSourceAndDelegate (0.9.10):
    - CQDemoKit/BaseVC
  - CQDemoKit/Demo_Resource (0.9.10):
    - CQDemoKit/Demo_Resource/GitUtil (= 0.9.10)
    - CQDemoKit/Demo_Resource/ImageModel (= 0.9.10)
    - CQDemoKit/Demo_Resource/InFramework (= 0.9.10)
    - CQDemoKit/Demo_Resource/RandomUtil (= 0.9.10)
    - CQDemoKit/Demo_Resource/ResourceInfoUtil (= 0.9.10)
    - CQDemoKit/Demo_Resource/SandboxFileUtil (= 0.9.10)
    - CQDemoKit/Demo_Resource/SandboxPathUtil (= 0.9.10)
    - CQDemoKit/Demo_Resource/SandboxPhotoUtil (= 0.9.10)
  - CQDemoKit/Demo_Resource/GitUtil (0.9.10)
  - CQDemoKit/Demo_Resource/ImageModel (0.9.10)
  - CQDemoKit/Demo_Resource/InFramework (0.9.10)
  - CQDemoKit/Demo_Resource/RandomUtil (0.9.10)
  - CQDemoKit/Demo_Resource/ResourceInfoUtil (0.9.10)
  - CQDemoKit/Demo_Resource/SandboxFileUtil (0.9.10):
    - CQDemoKit/Demo_Resource/SandboxPathUtil
    - CQDemoKit/Helper
  - CQDemoKit/Demo_Resource/SandboxPathUtil (0.9.10):
    - CQDemoKit/Demo_Resource/ResourceInfoUtil
  - CQDemoKit/Demo_Resource/SandboxPhotoUtil (0.9.10):
    - CQDemoKit/Demo_Resource/ResourceInfoUtil
  - CQDemoKit/Demo_RipeView (0.9.10):
    - CQDemoKit/BaseUIKit
    - CQDemoKit/BaseUtil
    - CQDemoKit/Demo_DataSourceAndDelegate
    - CQDemoKit/Demo_Resource
    - CQDemoKit/Demo_RipeView/ImagePicker (= 0.9.10)
    - CQDemoKit/Demo_RipeView/RipeCollectionView (= 0.9.10)
  - CQDemoKit/Demo_RipeView/ImagePicker (0.9.10):
    - CQDemoKit/BaseUIKit
    - CQDemoKit/BaseUtil
    - CQDemoKit/Demo_DataSourceAndDelegate
    - CQDemoKit/Demo_Resource
    - Masonry
  - CQDemoKit/Demo_RipeView/RipeCollectionView (0.9.10):
    - CQDemoKit/BaseUIKit
    - CQDemoKit/BaseUtil
    - CQDemoKit/Demo_DataSourceAndDelegate
    - CQDemoKit/Demo_Resource
    - Masonry
  - CQDemoKit/Helper (0.9.10)
  - CQDemoKit/Monitor (0.9.10)
  - CQDemoKit/StateUI (0.9.10):
    - Masonry
  - CQDemoKit/TestMethod (0.9.10):
    - CQDemoKit/BaseUtil
    - CQDemoKit/BaseVC/Base
  - CQDemoResource/Core (0.3.0):
    - CQDemoKit/Demo_Resource
  - CQDemoResource/Images (0.3.0):
    - CQDemoResource/Core
  - HWWeakTimer (1.0)
  - Masonry (1.1.0)
  - Shimmer (1.0.2)
  - TSDemo_Animation (0.0.1):
    - CJAnimationKit
    - CJBaseUIKit/UINavigationBar
    - CQDemoKit
    - CQDemoResource/Images
    - Shimmer
  - TSDemo_Animation-Swift (0.0.1):
    - CJAnimationKit-Swift
    - TSDemo_Animation

DEPENDENCIES:
  - CJAnimationKit (from `../`)
  - CJAnimationKit-Swift (from `../`)
  - CJBaseUIKit/UINavigationBar (~> 0.8.1)
  - CJBaseUIKit/UIView/CJDragAction (~> 0.8.1)
  - CQDemoKit/BaseUIKit (~> 0.9.10)
  - CQDemoKit/BaseUtil (~> 0.9.10)
  - CQDemoKit/BaseVC (~> 0.9.10)
  - CQDemoKit/Demo_Resource (~> 0.9.10)
  - CQDemoKit/Demo_RipeView (~> 0.9.10)
  - CQDemoResource/Images (~> 0.3.0)
  - HWWeakTimer (~> 1.0)
  - TSDemo_Animation (from `../`)
  - TSDemo_Animation-Swift (from `../`)

SPEC REPOS:
  https://github.com/CocoaPods/Specs.git:
    - CJBaseUIKit
    - CQDemoKit
    - CQDemoResource
    - HWWeakTimer
    - Masonry
    - Shimmer

EXTERNAL SOURCES:
  CJAnimationKit:
    :path: "../"
  CJAnimationKit-Swift:
    :path: "../"
  TSDemo_Animation:
    :path: "../"
  TSDemo_Animation-Swift:
    :path: "../"

SPEC CHECKSUMS:
  CJAnimationKit: cf037bdb664541a4807f75ab1a460852b0985ede
  CJAnimationKit-Swift: 1df31e99f8d8561b49eb60b5fa400edda24f40d8
  CJBaseUIKit: 1445f55a4c9f942351fcd1964694f32196472837
  CQDemoKit: 9f8aa6a4170962f9621b08748ac66f2d88d25f35
  CQDemoResource: 4b414e6919d4a6f72c2ec7fba3ef69bdb82714eb
  HWWeakTimer: 79488095ef2dd8937f94b676d12bd5fa954486e6
  Masonry: 678fab65091a9290e40e2832a55e7ab731aad201
  Shimmer: c5374be1c2b0c9e292fb05b339a513cf291cac86
  TSDemo_Animation: 1e0c6d309efb783b063c36d211156cb39b11ac7e
  TSDemo_Animation-Swift: 7936cd962b5235d7a8a5980fc9ea525c89cd01d9

PODFILE CHECKSUM: c537448f16b94a75769c494d38564500c024d3e9

COCOAPODS: 1.16.2
